
Microsoft Visual Studio Solution File, Format Version 12.00
# Visual Studio Version 17
VisualStudioVersion = 17.13.35919.96 d17.13
MinimumVisualStudioVersion = 10.0.40219.1
Project("{FAE04EC0-301F-11D3-BF4B-00C04F79EFBC}") = "BikesStore.BackendServer", "BikesStore.BackendServer\BikesStore.BackendServer.csproj", "{513C4AFE-6281-459F-8F73-E63C88C281E6}"
EndProject
Global
	GlobalSection(SolutionConfigurationPlatforms) = preSolution
		Debug|Any CPU = Debug|Any CPU
		Release|Any CPU = Release|Any CPU
	EndGlobalSection
	GlobalSection(ProjectConfigurationPlatforms) = postSolution
		{513C4AFE-6281-459F-8F73-E63C88C281E6}.Debug|Any CPU.ActiveCfg = Debug|Any CPU
		{513C4AFE-6281-459F-8F73-E63C88C281E6}.Debug|Any CPU.Build.0 = Debug|Any CPU
		{513C4AFE-6281-459F-8F73-E63C88C281E6}.Release|Any CPU.ActiveCfg = Release|Any CPU
		{513C4AFE-6281-459F-8F73-E63C88C281E6}.Release|Any CPU.Build.0 = Release|Any CPU
	EndGlobalSection
	GlobalSection(SolutionProperties) = preSolution
		HideSolutionNode = FALSE
	EndGlobalSection
	GlobalSection(ExtensibilityGlobals) = postSolution
		SolutionGuid = {44B158FE-0387-4BA6-BEC0-ECAB4ED74375}
	EndGlobalSection
EndGlobal
